{
  "name": "self",
  "version": "0.1.0",
  "lockfileVersion": 1,
  "requires": true,
  "dependencies": {
    "@types/prop-types": {
      "version": "15.7.3",
      "resolved": "https://registry.npmjs.org/@types/prop-types/-/prop-types-15.7.3.tgz",
      "integrity": "sha512-KfRL3PuHmqQLOG+2tGpRO26Ctg+Cq1E01D2DMriKEATHgWLfeNDmq9e29Q9WIky0dQ3NPkd1mzYH8Lm936Z9qw==",
      "dev": true
    },
    "antd": {
      "version": "3.12.4",
      "resolved": "http://registry.npm.taobao.org/antd/download/antd-3.12.4.tgz",
      "integrity": "sha1-tdB8/idQBvwBrv6LMzRF6HTshX4=",
      "dependencies": {
        "warning": {
          "version": "4.0.2",
          "resolved": "http://registry.npm.taobao.org/warning/download/warning-4.0.2.tgz",
          "integrity": "sha1-qmh2SAhyEW+j4R1DSw0NjZHkRgc="
        }
      }
    },
    "axios": {
      "version": "0.18.0",
      "resolved": "http://registry.npm.taobao.org/axios/download/axios-0.18.0.tgz",
      "integrity": "sha1-MtU+SFHv3AoRmTts0AB4nXDAUQI="
    },
    "babel-runtime": {
      "version": "6.26.0",
      "resolved": "http://registry.npm.taobao.org/babel-runtime/download/babel-runtime-6.26.0.tgz",
      "integrity": "sha1-llxwWGaOgrVde/4E/yM3vItWR/4=",
      "dev": true
    },
    "base16": {
      "version": "1.0.0",
      "resolved": "https://registry.npmjs.org/base16/-/base16-1.0.0.tgz",
      "integrity": "sha1-4pf2DX7BAUp6lxo568ipjAtoHnA=",
      "dev": true
    },
    "echarts": {
      "version": "4.1.0",
      "resolved": "http://registry.npm.taobao.org/echarts/download/echarts-4.1.0.tgz",
      "integrity": "sha1-1YjJX3PBqZKLnHPVt2l1HDGFvNw="
    },
    "events": {
      "version": "3.3.0",
      "resolved": "https://registry.npmjs.org/events/-/events-3.3.0.tgz",
      "integrity": "sha512-mQw+2fkQbALzQ7V0MY0IqdnXNOeTtP4r0lN9z7AAawCXgqea7bDii20AYrIBrFd/Hx0M2Ocz6S111CaFkUcb0Q=="
    },
    "history": {
      "version": "4.7.2",
      "resolved": "http://registry.npm.taobao.org/history/download/history-4.7.2.tgz",
      "integrity": "sha1-IrXH8xYzxbgCHH9KipVKwTnujVs="
    },
    "invariant": {
      "version": "2.2.4",
      "resolved": "http://registry.npm.taobao.org/invariant/download/invariant-2.2.4.tgz",
      "integrity": "sha1-YQ88ksk1nOHbYW5TgAjSP/NRWOY="
    },
    "iscroll": {
      "version": "5.2.0",
      "resolved": "https://registry.npmjs.org/iscroll/-/iscroll-5.2.0.tgz",
      "integrity": "sha1-1RMwcIi1slpPiTr0dIBEaEgYKcg="
    },
    "iscroll-luo": {
      "version": "1.2.3",
      "resolved": "https://registry.npmjs.org/iscroll-luo/-/iscroll-luo-1.2.3.tgz",
      "integrity": "sha512-5EuGd8bnHvEdcXeKDF+kECmI3nCtb2iiQEHB4H+pP7P9X43t0DHHVFp2i5PYeqkFBWqsrlovAwD9g2hKw22YjA==",
      "requires": {
        "iscroll": "^5.2.0",
        "prop-types": "^15.6.0",
        "react": "^16.4.0",
        "react-dom": "^16.4.0"
      }
    },
    "lodash": {
      "version": "4.17.21",
      "resolved": "https://registry.npmjs.org/lodash/-/lodash-4.17.21.tgz",
      "integrity": "sha512-v2kDEe57lecTulaDIuNTPy3Ry4gLGJ6Z1O3vE1krgXZNrsQ+LFTGHVxVjcXPs17LhbZVGedAJv8XZ1tvj5FvSg==",
      "dev": true
    },
    "lodash.curry": {
      "version": "4.1.1",
      "resolved": "https://registry.npmjs.org/lodash.curry/-/lodash.curry-4.1.1.tgz",
      "integrity": "sha1-JI42By7ekGUB11lmIAqG2riyMXA=",
      "dev": true
    },
    "lodash.debounce": {
      "version": "4.0.8",
      "resolved": "http://registry.npm.taobao.org/lodash.debounce/download/lodash.debounce-4.0.8.tgz",
      "integrity": "sha1-gteb/zCmfEAF/9XiUVMArZyk168=",
      "dev": true
    },
    "lodash.flow": {
      "version": "3.5.0",
      "resolved": "https://registry.npmjs.org/lodash.flow/-/lodash.flow-3.5.0.tgz",
      "integrity": "sha1-h79AKSuM+D5OjOGjrkIJ4gBxZ1o=",
      "dev": true
    },
    "loose-envify": {
      "version": "1.4.0",
      "resolved": "http://registry.npm.taobao.org/loose-envify/download/loose-envify-1.4.0.tgz",
      "integrity": "sha1-ce5R+nvkyuwaY4OffmgtgTLTDK8="
    },
    "object-assign": {
      "version": "4.1.1",
      "resolved": "https://registry.npmjs.org/object-assign/-/object-assign-4.1.1.tgz",
      "integrity": "sha1-IQmtx5ZYh8/AXLvUQsrIv7s2CGM="
    },
    "parse-key": {
      "version": "0.2.1",
      "resolved": "https://registry.npmjs.org/parse-key/-/parse-key-0.2.1.tgz",
      "integrity": "sha1-e892WVU242B1Zkvk1ofkvdkQII8=",
      "dev": true
    },
    "prop-types": {
      "version": "15.7.2",
      "resolved": "https://registry.npmjs.org/prop-types/-/prop-types-15.7.2.tgz",
      "integrity": "sha512-8QQikdH7//R2vurIJSutZ1smHYTcLpRWEOlHnzcWHmBYrOGUysKwSsrC89BCiFj3CbrfJ/nXFdJepOVrY1GCHQ==",
      "requires": {
        "loose-envify": "^1.4.0",
        "object-assign": "^4.1.1",
        "react-is": "^16.8.1"
      },
      "dependencies": {
        "react-is": {
          "version": "16.13.1",
          "resolved": "https://registry.npmjs.org/react-is/-/react-is-16.13.1.tgz",
          "integrity": "sha512-24e6ynE2H+OKt4kqsOvNd8kBpV65zoxbA4BVsEOB3ARVWQki/DHzaUoC5KuON/BiccDaCCTZBuOcfZs70kR8bQ=="
        }
      }
    },
    "pure-color": {
      "version": "1.3.0",
      "resolved": "https://registry.npmjs.org/pure-color/-/pure-color-1.3.0.tgz",
      "integrity": "sha1-H+Bk+wrIUfDeYTIKi/eWg2Qi8z4=",
      "dev": true
    },
    "react": {
      "version": "16.14.0",
      "resolved": "https://registry.npmjs.org/react/-/react-16.14.0.tgz",
      "integrity": "sha512-0X2CImDkJGApiAlcf0ODKIneSwBPhqJawOa5wCtKbu7ZECrmS26NvtSILynQ66cgkT/RJ4LidJOc3bUESwmU8g==",
      "requires": {
        "loose-envify": "^1.1.0",
        "object-assign": "^4.1.1",
        "prop-types": "^15.6.2"
      }
    },
    "react-base16-styling": {
      "version": "0.5.3",
      "resolved": "https://registry.npmjs.org/react-base16-styling/-/react-base16-styling-0.5.3.tgz",
      "integrity": "sha1-OFjyTpxN2MvT9wLz901YHKKRcmk=",
      "dev": true,
      "requires": {
        "base16": "^1.0.0",
        "lodash.curry": "^4.0.1",
        "lodash.flow": "^3.3.0",
        "pure-color": "^1.2.0"
      }
    },
    "react-bmap": {
      "version": "1.0.94",
      "resolved": "http://registry.npm.taobao.org/react-bmap/download/react-bmap-1.0.94.tgz",
      "integrity": "sha1-hACqewagED2TRFk3kUvXAoi131E="
    },
    "react-dock": {
      "version": "0.3.0",
      "resolved": "https://registry.npmjs.org/react-dock/-/react-dock-0.3.0.tgz",
      "integrity": "sha512-A0Dfy6enwb6gruxsMXAkZM6hVyJETTcuB4u/CUVPAj4ZH0/ULQacLHmIdUHfYtZYmPCfeEgOa7KyTueSPrIjFg==",
      "dev": true,
      "requires": {
        "@types/prop-types": "^15.7.3",
        "lodash.debounce": "^4.0.8",
        "prop-types": "^15.7.2"
      }
    },
    "react-dom": {
      "version": "16.7.0",
      "resolved": "http://registry.npm.taobao.org/react-dom/download/react-dom-16.7.0.tgz",
      "integrity": "sha512-GfG8Vh/jMcnJKDpv7T6O1pS/WVqiocjPQ9o9cscW8bjR9W36DT3Xb4pDZT70t1xyVvX48/NrTQGz0H7I3fCLhQ=="
    },
    "react-json-tree": {
      "version": "0.11.2",
      "resolved": "https://registry.npmjs.org/react-json-tree/-/react-json-tree-0.11.2.tgz",
      "integrity": "sha512-aYhUPj1y5jR3ZQ+G3N7aL8FbTyO03iLwnVvvEikLcNFqNTyabdljo9xDftZndUBFyyyL0aK3qGO9+8EilILHUw==",
      "dev": true,
      "requires": {
        "babel-runtime": "^6.6.1",
        "prop-types": "^15.5.8",
        "react-base16-styling": "^0.5.1"
      }
    },
    "react-pure-render": {
      "version": "1.0.2",
      "resolved": "https://registry.npmjs.org/react-pure-render/-/react-pure-render-1.0.2.tgz",
      "integrity": "sha1-nYqSjH8sN1E8LQZOV7Pjw1bp+rs=",
      "dev": true
    },
    "react-redux": {
      "version": "6.0.1",
      "resolved": "https://registry.npmjs.org/react-redux/-/react-redux-6.0.1.tgz",
      "integrity": "sha512-T52I52Kxhbqy/6TEfBv85rQSDz6+Y28V/pf52vDWs1YRXG19mcFOGfHnY2HsNFHyhP+ST34Aih98fvt6tqwVcQ==",
      "requires": {
        "@babel/runtime": "^7.3.1",
        "hoist-non-react-statics": "^3.3.0",
        "invariant": "^2.2.4",
        "loose-envify": "^1.4.0",
        "prop-types": "^15.7.2",
        "react-is": "^16.8.2"
      },
      "dependencies": {
        "@babel/runtime": {
          "version": "7.14.0",
          "resolved": "https://registry.npmjs.org/@babel/runtime/-/runtime-7.14.0.tgz",
          "integrity": "sha512-JELkvo/DlpNdJ7dlyw/eY7E0suy5i5GQH+Vlxaq1nsNJ+H7f4Vtv3jMeCEgRhZZQFXTjldYfQgv2qmM6M1v5wA==",
          "requires": {
            "regenerator-runtime": "^0.13.4"
          }
        },
        "hoist-non-react-statics": {
          "version": "3.3.2",
          "resolved": "https://registry.npmjs.org/hoist-non-react-statics/-/hoist-non-react-statics-3.3.2.tgz",
          "integrity": "sha512-/gGivxi8JPKWNm/W0jSmzcMPpfpPLc3dY/6GxhX2hQ9iGj3aDfklV4ET7NjKpSinLpJ5vafa9iiGIEZg10SfBw==",
          "requires": {
            "react-is": "^16.7.0"
          }
        },
        "react-is": {
          "version": "16.13.1",
          "resolved": "https://registry.npmjs.org/react-is/-/react-is-16.13.1.tgz",
          "integrity": "sha512-24e6ynE2H+OKt4kqsOvNd8kBpV65zoxbA4BVsEOB3ARVWQki/DHzaUoC5KuON/BiccDaCCTZBuOcfZs70kR8bQ=="
        },
        "regenerator-runtime": {
          "version": "0.13.7",
          "resolved": "https://registry.npmjs.org/regenerator-runtime/-/regenerator-runtime-0.13.7.tgz",
          "integrity": "sha512-a54FxoJDIr27pgf7IgeQGxmqUNYrcV338lf/6gH456HZ/PhX+5BcwHXG9ajESmwe6WRO0tAzRUrRmNONWgkrew=="
        }
      }
    },
    "react-router-dom": {
      "version": "4.3.1",
      "resolved": "http://registry.npm.taobao.org/react-router-dom/download/react-router-dom-4.3.1.tgz",
      "integrity": "sha1-TCYZ/CTE+ofJ/Rj0+0pD/mP71cY=",
      "dependencies": {
        "warning": {
          "version": "4.0.2",
          "resolved": "http://registry.npm.taobao.org/warning/download/warning-4.0.2.tgz",
          "integrity": "sha1-qmh2SAhyEW+j4R1DSw0NjZHkRgc="
        }
      }
    },
    "react-scripts": {
      "version": "2.1.2",
      "resolved": "http://registry.npm.taobao.org/react-scripts/download/react-scripts-2.1.2.tgz",
      "integrity": "sha1-zxaGzZyjxhSOFCjpeqwSmV8BtVQ="
    },
    "react-zmage": {
      "version": "0.6.8",
      "resolved": "http://registry.npm.taobao.org/react-zmage/download/react-zmage-0.6.8.tgz",
      "integrity": "sha1-hrnxxtmEJiOQfeHiiU/liFJFZyM="
    },
    "reactjs-swiper": {
      "version": "0.1.0",
      "resolved": "http://registry.npm.taobao.org/reactjs-swiper/download/reactjs-swiper-0.1.0.tgz",
      "integrity": "sha1-ONLbxP/oluy3KTZDR1VVgozggPE="
    },
    "redux": {
      "version": "4.1.0",
      "resolved": "https://registry.npmjs.org/redux/-/redux-4.1.0.tgz",
      "integrity": "sha512-uI2dQN43zqLWCt6B/BMGRMY6db7TTY4qeHHfGeKb3EOhmOKjU3KdWvNLJyqaHRksv/ErdNH7cFZWg9jXtewy4g==",
      "requires": {
        "@babel/runtime": "^7.9.2"
      },
      "dependencies": {
        "@babel/runtime": {
          "version": "7.14.0",
          "resolved": "https://registry.npmjs.org/@babel/runtime/-/runtime-7.14.0.tgz",
          "integrity": "sha512-JELkvo/DlpNdJ7dlyw/eY7E0suy5i5GQH+Vlxaq1nsNJ+H7f4Vtv3jMeCEgRhZZQFXTjldYfQgv2qmM6M1v5wA==",
          "requires": {
            "regenerator-runtime": "^0.13.4"
          }
        },
        "regenerator-runtime": {
          "version": "0.13.7",
          "resolved": "https://registry.npmjs.org/regenerator-runtime/-/regenerator-runtime-0.13.7.tgz",
          "integrity": "sha512-a54FxoJDIr27pgf7IgeQGxmqUNYrcV338lf/6gH456HZ/PhX+5BcwHXG9ajESmwe6WRO0tAzRUrRmNONWgkrew=="
        }
      }
    },
    "redux-devtools": {
      "version": "3.7.0",
      "resolved": "https://registry.npmjs.org/redux-devtools/-/redux-devtools-3.7.0.tgz",
      "integrity": "sha512-Lnx3UX7mnJij2Xs+RicPK1GyKkbuodrCKtfYmJsN603wC0mc99W//xCAskGVNmRhIXg4e57m2k1CyX0kVzCsBg==",
      "dev": true,
      "requires": {
        "@types/prop-types": "^15.7.3",
        "lodash": "^4.17.19",
        "prop-types": "^15.7.2",
        "redux-devtools-instrument": "^1.10.0"
      }
    },
    "redux-devtools-dock-monitor": {
      "version": "1.2.0",
      "resolved": "https://registry.npmjs.org/redux-devtools-dock-monitor/-/redux-devtools-dock-monitor-1.2.0.tgz",
      "integrity": "sha512-8Qs47jjs5itZMdhnXVl9sfpb1FPtxQZqs11reKUkJ83xxVsE9plL6FXj+kPjRStppzWUsDLMOLACVx3w/TjiRQ==",
      "dev": true,
      "requires": {
        "@types/prop-types": "^15.7.3",
        "parse-key": "^0.2.1",
        "prop-types": "^15.7.2",
        "react-dock": "^0.3.0"
      }
    },
    "redux-devtools-instrument": {
      "version": "1.10.0",
      "resolved": "https://registry.npmjs.org/redux-devtools-instrument/-/redux-devtools-instrument-1.10.0.tgz",
      "integrity": "sha512-X8JRBCzX2ADSMp+iiV7YQ8uoTNyEm0VPFPd4T854coz6lvRiBrFSqAr9YAS2n8Kzxx8CJQotR0QF9wsMM+3DvA==",
      "dev": true,
      "requires": {
        "lodash": "^4.17.19",
        "symbol-observable": "^1.2.0"
      }
    },
    "redux-devtools-log-monitor": {
      "version": "1.4.0",
      "resolved": "https://registry.npmjs.org/redux-devtools-log-monitor/-/redux-devtools-log-monitor-1.4.0.tgz",
      "integrity": "sha1-cWuVgO2iozHNNZo2qgnjoWAqhUs=",
      "dev": true,
      "requires": {
        "lodash.debounce": "^4.0.4",
        "prop-types": "^15.0.0",
        "react-json-tree": "^0.11.0",
        "react-pure-render": "^1.0.2",
        "redux-devtools-themes": "^1.0.0"
      }
    },
    "redux-devtools-themes": {
      "version": "1.0.0",
      "resolved": "https://registry.npmjs.org/redux-devtools-themes/-/redux-devtools-themes-1.0.0.tgz",
      "integrity": "sha1-xILc48U3OXYEX0ATSQfZ3LOuPV0=",
      "dev": true,
      "requires": {
        "base16": "^1.0.0"
      }
    },
    "redux-logger": {
      "version": "3.0.6",
      "resolved": "http://registry.npm.taobao.org/redux-logger/download/redux-logger-3.0.6.tgz",
      "integrity": "sha1-91VZZvMJjzyIYExEnPC69XeCdL8=",
      "dev": true
    },
    "redux-thunk": {
      "version": "2.3.0",
      "resolved": "https://registry.npmjs.org/redux-thunk/-/redux-thunk-2.3.0.tgz",
      "integrity": "sha512-km6dclyFnmcvxhAcrQV2AkZmPQjzPDjgVlQtR0EQjxZPyJ0BnMf3in1ryuR8A2qU0HldVRfxYXbFSKlI3N7Slw=="
    },
    "symbol-observable": {
      "version": "1.2.0",
      "resolved": "https://registry.npmjs.org/symbol-observable/-/symbol-observable-1.2.0.tgz",
      "integrity": "sha512-e900nM8RRtGhlV36KGEU9k65K3mPb1WV70OdjfxlG2EAuM1noi/E/BaW/uMhL7bPEssK8QV57vN3esixjUvcXQ=="
    }
  }
}
